// !$*UTF8*$!
{
	archiveVersion = 1;
	classes = {
	};
	objectVersion = 46;
	objects = {

/* Begin PBXBuildFile section */
		032017F51BEF34660099CDD1 /* main.m in Sources */ = {isa = PBXBuildFile; fileRef = 032017F41BEF34660099CDD1 /* main.m */; };
		032017F81BEF34660099CDD1 /* AppDelegate.m in Sources */ = {isa = PBXBuildFile; fileRef = 032017F71BEF34660099CDD1 /* AppDelegate.m */; };
		032017FB1BEF34660099CDD1 /* ViewController.m in Sources */ = {isa = PBXBuildFile; fileRef = 032017FA1BEF34660099CDD1 /* ViewController.m */; };
		032017FE1BEF34660099CDD1 /* Main.storyboard in Resources */ = {isa = PBXBuildFile; fileRef = 032017FC1BEF34660099CDD1 /* Main.storyboard */; };
		032018001BEF34660099CDD1 /* Assets.xcassets in Resources */ = {isa = PBXBuildFile; fileRef = 032017FF1BEF34660099CDD1 /* Assets.xcassets */; };
		032018031BEF34660099CDD1 /* LaunchScreen.storyboard in Resources */ = {isa = PBXBuildFile; fileRef = 032018011BEF34660099CDD1 /* LaunchScreen.storyboard */; };
		0320180E1BEF34660099CDD1 /* CustomKeyboardTests.m in Sources */ = {isa = PBXBuildFile; fileRef = 0320180D1BEF34660099CDD1 /* CustomKeyboardTests.m */; };
		032018191BEF34660099CDD1 /* CustomKeyboardUITests.m in Sources */ = {isa = PBXBuildFile; fileRef = 032018181BEF34660099CDD1 /* CustomKeyboardUITests.m */; };
		0320182E1BEF34C30099CDD1 /* KeyboardViewController.m in Sources */ = {isa = PBXBuildFile; fileRef = 0320182D1BEF34C30099CDD1 /* KeyboardViewController.m */; };
		032018321BEF34C50099CDD1 /* ColoredKeyBoard.appex in Embed App Extensions */ = {isa = PBXBuildFile; fileRef = 0320182A1BEF34C20099CDD1 /* ColoredKeyBoard.appex */; settings = {ATTRIBUTES = (RemoveHeadersOnCopy, ); }; };
		032018381BEF45100099CDD1 /* KeyboardView.xib in Resources */ = {isa = PBXBuildFile; fileRef = 032018371BEF45100099CDD1 /* KeyboardView.xib */; };
/* End PBXBuildFile section */

/* Begin PBXContainerItemProxy section */
		0320180A1BEF34660099CDD1 /* PBXContainerItemProxy */ = {
			isa = PBXContainerItemProxy;
			containerPortal = 032017E81BEF34660099CDD1 /* Project object */;
			proxyType = 1;
			remoteGlobalIDString = 032017EF1BEF34660099CDD1;
			remoteInfo = CustomKeyboard;
		};
		032018151BEF34660099CDD1 /* PBXContainerItemProxy */ = {
			isa = PBXContainerItemProxy;
			containerPortal = 032017E81BEF34660099CDD1 /* Project object */;
			proxyType = 1;
			remoteGlobalIDString = 032017EF1BEF34660099CDD1;
			remoteInfo = CustomKeyboard;
		};
		032018301BEF34C50099CDD1 /* PBXContainerItemProxy */ = {
			isa = PBXContainerItemProxy;
			containerPortal = 032017E81BEF34660099CDD1 /* Project object */;
			proxyType = 1;
			remoteGlobalIDString = 032018291BEF34C10099CDD1;
			remoteInfo = ColoredKeyBoard;
		};
/* End PBXContainerItemProxy section */

/* Begin PBXCopyFilesBuildPhase section */
		032018361BEF34C50099CDD1 /* Embed App Extensions */ = {
			isa = PBXCopyFilesBuildPhase;
			buildActionMask = 2147483647;
			dstPath = "";
			dstSubfolderSpec = 13;
			files = (
				032018321BEF34C50099CDD1 /* ColoredKeyBoard.appex in Embed App Extensions */,
			);
			name = "Embed App Extensions";
			runOnlyForDeploymentPostprocessing = 0;
		};
/* End PBXCopyFilesBuildPhase section */

/* Begin PBXFileReference section */
		032017F01BEF34660099CDD1 /* CustomKeyboard.app */ = {isa = PBXFileReference; explicitFileType = wrapper.application; includeInIndex = 0; path = CustomKeyboard.app; sourceTree = BUILT_PRODUCTS_DIR; };
		032017F41BEF34660099CDD1 /* main.m */ = {isa = PBXFileReference; lastKnownFileType = sourcecode.c.objc; path = main.m; sourceTree = "<group>"; };
		032017F61BEF34660099CDD1 /* AppDelegate.h */ = {isa = PBXFileReference; lastKnownFileType = sourcecode.c.h; path = AppDelegate.h; sourceTree = "<group>"; };
		032017F71BEF34660099CDD1 /* AppDelegate.m */ = {isa = PBXFileReference; lastKnownFileType = sourcecode.c.objc; path = AppDelegate.m; sourceTree = "<group>"; };
		032017F91BEF34660099CDD1 /* ViewController.h */ = {isa = PBXFileReference; lastKnownFileType = sourcecode.c.h; path = ViewController.h; sourceTree = "<group>"; };
		032017FA1BEF34660099CDD1 /* ViewController.m */ = {isa = PBXFileReference; lastKnownFileType = sourcecode.c.objc; path = ViewController.m; sourceTree = "<group>"; };
		032017FD1BEF34660099CDD1 /* Base */ = {isa = PBXFileReference; lastKnownFileType = file.storyboard; name = Base; path = Base.lproj/Main.storyboard; sourceTree = "<group>"; };
		032017FF1BEF34660099CDD1 /* Assets.xcassets */ = {isa = PBXFileReference; lastKnownFileType = folder.assetcatalog; path = Assets.xcassets; sourceTree = "<group>"; };
		032018021BEF34660099CDD1 /* Base */ = {isa = PBXFileReference; lastKnownFileType = file.storyboard; name = Base; path = Base.lproj/LaunchScreen.storyboard; sourceTree = "<group>"; };
		032018041BEF34660099CDD1 /* Info.plist */ = {isa = PBXFileReference; lastKnownFileType = text.plist.xml; path = Info.plist; sourceTree = "<group>"; };
		032018091BEF34660099CDD1 /* CustomKeyboardTests.xctest */ = {isa = PBXFileReference; explicitFileType = wrapper.cfbundle; includeInIndex = 0; path = CustomKeyboardTests.xctest; sourceTree = BUILT_PRODUCTS_DIR; };
		0320180D1BEF34660099CDD1 /* CustomKeyboardTests.m */ = {isa = PBXFileReference; lastKnownFileType = sourcecode.c.objc; path = CustomKeyboardTests.m; sourceTree = "<group>"; };
		0320180F1BEF34660099CDD1 /* Info.plist */ = {isa = PBXFileReference; lastKnownFileType = text.plist.xml; path = Info.plist; sourceTree = "<group>"; };
		032018141BEF34660099CDD1 /* CustomKeyboardUITests.xctest */ = {isa = PBXFileReference; explicitFileType = wrapper.cfbundle; includeInIndex = 0; path = CustomKeyboardUITests.xctest; sourceTree = BUILT_PRODUCTS_DIR; };
		032018181BEF34660099CDD1 /* CustomKeyboardUITests.m */ = {isa = PBXFileReference; lastKnownFileType = sourcecode.c.objc; path = CustomKeyboardUITests.m; sourceTree = "<group>"; };
		0320181A1BEF34660099CDD1 /* Info.plist */ = {isa = PBXFileReference; lastKnownFileType = text.plist.xml; path = Info.plist; sourceTree = "<group>"; };
		0320182A1BEF34C20099CDD1 /* ColoredKeyBoard.appex */ = {isa = PBXFileReference; explicitFileType = "wrapper.app-extension"; includeInIndex = 0; path = ColoredKeyBoard.appex; sourceTree = BUILT_PRODUCTS_DIR; };
		0320182C1BEF34C20099CDD1 /* KeyboardViewController.h */ = {isa = PBXFileReference; lastKnownFileType = sourcecode.c.h; path = KeyboardViewController.h; sourceTree = "<group>"; };
		0320182D1BEF34C30099CDD1 /* KeyboardViewController.m */ = {isa = PBXFileReference; lastKnownFileType = sourcecode.c.objc; path = KeyboardViewController.m; sourceTree = "<group>"; };
		0320182F1BEF34C50099CDD1 /* Info.plist */ = {isa = PBXFileReference; lastKnownFileType = text.plist.xml; path = Info.plist; sourceTree = "<group>"; };
		032018371BEF45100099CDD1 /* KeyboardView.xib */ = {isa = PBXFileReference; fileEncoding = 4; lastKnownFileType = file.xib; path = KeyboardView.xib; sourceTree = "<group>"; };
/* End PBXFileReference section */

/* Begin PBXFrameworksBuildPhase section */
		032017ED1BEF34660099CDD1 /* Frameworks */ = {
			isa = PBXFrameworksBuildPhase;
			buildActionMask = 2147483647;
			files = (
			);
			runOnlyForDeploymentPostprocessing = 0;
		};
		032018061BEF34660099CDD1 /* Frameworks */ = {
			isa = PBXFrameworksBuildPhase;
			buildActionMask = 2147483647;
			files = (
			);
			runOnlyForDeploymentPostprocessing = 0;
		};
		032018111BEF34660099CDD1 /* Frameworks */ = {
			isa = PBXFrameworksBuildPhase;
			buildActionMask = 2147483647;
			files = (
			);
			runOnlyForDeploymentPostprocessing = 0;
		};
		032018271BEF34C10099CDD1 /* Frameworks */ = {
			isa = PBXFrameworksBuildPhase;
			buildActionMask = 2147483647;
			files = (
			);
			runOnlyForDeploymentPostprocessing = 0;
		};
/* End PBXFrameworksBuildPhase section */

/* Begin PBXGroup section */
		032017E71BEF34660099CDD1 = {
			isa = PBXGroup;
			children = (
				032017F21BEF34660099CDD1 /* CustomKeyboard */,
				0320180C1BEF34660099CDD1 /* CustomKeyboardTests */,
				032018171BEF34660099CDD1 /* CustomKeyboardUITests */,
				0320182B1BEF34C20099CDD1 /* ColoredKeyBoard */,
				032017F11BEF34660099CDD1 /* Products */,
			);
			sourceTree = "<group>";
		};
		032017F11BEF34660099CDD1 /* Products */ = {
			isa = PBXGroup;
			children = (
				032017F01BEF34660099CDD1 /* CustomKeyboard.app */,
				032018091BEF34660099CDD1 /* CustomKeyboardTests.xctest */,
				032018141BEF34660099CDD1 /* CustomKeyboardUITests.xctest */,
				0320182A1BEF34C20099CDD1 /* ColoredKeyBoard.appex */,
			);
			name = Products;
			sourceTree = "<group>";
		};
		032017F21BEF34660099CDD1 /* CustomKeyboard */ = {
			isa = PBXGroup;
			children = (
				032017F61BEF34660099CDD1 /* AppDelegate.h */,
				032017F71BEF34660099CDD1 /* AppDelegate.m */,
				032017F91BEF34660099CDD1 /* ViewController.h */,
				032017FA1BEF34660099CDD1 /* ViewController.m */,
				032017FC1BEF34660099CDD1 /* Main.storyboard */,
				032017FF1BEF34660099CDD1 /* Assets.xcassets */,
				032018011BEF34660099CDD1 /* LaunchScreen.storyboard */,
				032018041BEF34660099CDD1 /* Info.plist */,
				032017F31BEF34660099CDD1 /* Supporting Files */,
			);
			path = CustomKeyboard;
			sourceTree = "<group>";
		};
		032017F31BEF34660099CDD1 /* Supporting Files */ = {
			isa = PBXGroup;
			children = (
				032017F41BEF34660099CDD1 /* main.m */,
			);
			name = "Supporting Files";
			sourceTree = "<group>";
		};
		0320180C1BEF34660099CDD1 /* CustomKeyboardTests */ = {
			isa = PBXGroup;
			children = (
				0320180D1BEF34660099CDD1 /* CustomKeyboardTests.m */,
				0320180F1BEF34660099CDD1 /* Info.plist */,
			);
			path = CustomKeyboardTests;
			sourceTree = "<group>";
		};
		032018171BEF34660099CDD1 /* CustomKeyboardUITests */ = {
			isa = PBXGroup;
			children = (
				032018181BEF34660099CDD1 /* CustomKeyboardUITests.m */,
				0320181A1BEF34660099CDD1 /* Info.plist */,
			);
			path = CustomKeyboardUITests;
			sourceTree = "<group>";
		};
		0320182B1BEF34C20099CDD1 /* ColoredKeyBoard */ = {
			isa = PBXGroup;
			children = (
				0320182C1BEF34C20099CDD1 /* KeyboardViewController.h */,
				0320182D1BEF34C30099CDD1 /* KeyboardViewController.m */,
				032018371BEF45100099CDD1 /* KeyboardView.xib */,
				0320182F1BEF34C50099CDD1 /* Info.plist */,
			);
			path = ColoredKeyBoard;
			sourceTree = "<group>";
		};
/* End PBXGroup section */

/* Begin PBXNativeTarget section */
		032017EF1BEF34660099CDD1 /* CustomKeyboard */ = {
			isa = PBXNativeTarget;
			buildConfigurationList = 0320181D1BEF34660099CDD1 /* Build configuration list for PBXNativeTarget "CustomKeyboard" */;
			buildPhases = (
				032017EC1BEF34660099CDD1 /* Sources */,
				032017ED1BEF34660099CDD1 /* Frameworks */,
				032017EE1BEF34660099CDD1 /* Resources */,
				032018361BEF34C50099CDD1 /* Embed App Extensions */,
			);
			buildRules = (
			);
			dependencies = (
				032018311BEF34C50099CDD1 /* PBXTargetDependency */,
			);
			name = CustomKeyboard;
			productName = CustomKeyboard;
			productReference = 032017F01BEF34660099CDD1 /* CustomKeyboard.app */;
			productType = "com.apple.product-type.application";
		};
		032018081BEF34660099CDD1 /* CustomKeyboardTests */ = {
			isa = PBXNativeTarget;
			buildConfigurationList = 032018201BEF34660099CDD1 /* Build configuration list for PBXNativeTarget "CustomKeyboardTests" */;
			buildPhases = (
				032018051BEF34660099CDD1 /* Sources */,
				032018061BEF34660099CDD1 /* Frameworks */,
				032018071BEF34660099CDD1 /* Resources */,
			);
			buildRules = (
			);
			dependencies = (
				0320180B1BEF34660099CDD1 /* PBXTargetDependency */,
			);
			name = CustomKeyboardTests;
			productName = CustomKeyboardTests;
			productReference = 032018091BEF34660099CDD1 /* CustomKeyboardTests.xctest */;
			productType = "com.apple.product-type.bundle.unit-test";
		};
		032018131BEF34660099CDD1 /* CustomKeyboardUITests */ = {
			isa = PBXNativeTarget;
			buildConfigurationList = 032018231BEF34660099CDD1 /* Build configuration list for PBXNativeTarget "CustomKeyboardUITests" */;
			buildPhases = (
				032018101BEF34660099CDD1 /* Sources */,
				032018111BEF34660099CDD1 /* Frameworks */,
				032018121BEF34660099CDD1 /* Resources */,
			);
			buildRules = (
			);
			dependencies = (
				032018161BEF34660099CDD1 /* PBXTargetDependency */,
			);
			name = CustomKeyboardUITests;
			productName = CustomKeyboardUITests;
			productReference = 032018141BEF34660099CDD1 /* CustomKeyboardUITests.xctest */;
			productType = "com.apple.product-type.bundle.ui-testing";
		};
		032018291BEF34C10099CDD1 /* ColoredKeyBoard */ = {
			isa = PBXNativeTarget;
			buildConfigurationList = 032018331BEF34C50099CDD1 /* Build configuration list for PBXNativeTarget "ColoredKeyBoard" */;
			buildPhases = (
				032018261BEF34C10099CDD1 /* Sources */,
				032018271BEF34C10099CDD1 /* Frameworks */,
				032018281BEF34C10099CDD1 /* Resources */,
			);
			buildRules = (
			);
			dependencies = (
			);
			name = ColoredKeyBoard;
			productName = ColoredKeyBoard;
			productReference = 0320182A1BEF34C20099CDD1 /* ColoredKeyBoard.appex */;
			productType = "com.apple.product-type.app-extension";
		};
/* End PBXNativeTarget section */

/* Begin PBXProject section */
		032017E81BEF34660099CDD1 /* Project object */ = {
			isa = PBXProject;
			attributes = {
				LastUpgradeCheck = 0700;
				ORGANIZATIONNAME = Sachin;
				TargetAttributes = {
					032017EF1BEF34660099CDD1 = {
						CreatedOnToolsVersion = 7.0;
					};
					032018081BEF34660099CDD1 = {
						CreatedOnToolsVersion = 7.0;
						TestTargetID = 032017EF1BEF34660099CDD1;
					};
					032018131BEF34660099CDD1 = {
						CreatedOnToolsVersion = 7.0;
						TestTargetID = 032017EF1BEF34660099CDD1;
					};
					032018291BEF34C10099CDD1 = {
						CreatedOnToolsVersion = 7.0;
					};
				};
			};
			buildConfigurationList = 032017EB1BEF34660099CDD1 /* Build configuration list for PBXProject "CustomKeyboard" */;
			compatibilityVersion = "Xcode 3.2";
			developmentRegion = English;
			hasScannedForEncodings = 0;
			knownRegions = (
				en,
				Base,
			);
			mainGroup = 032017E71BEF34660099CDD1;
			productRefGroup = 032017F11BEF34660099CDD1 /* Products */;
			projectDirPath = "";
			projectRoot = "";
			targets = (
				032017EF1BEF34660099CDD1 /* CustomKeyboard */,
				032018081BEF34660099CDD1 /* CustomKeyboardTests */,
				032018131BEF34660099CDD1 /* CustomKeyboardUITests */,
				032018291BEF34C10099CDD1 /* ColoredKeyBoard */,
			);
		};
/* End PBXProject section */

/* Begin PBXResourcesBuildPhase section */
		032017EE1BEF34660099CDD1 /* Resources */ = {
			isa = PBXResourcesBuildPhase;
			buildActionMask = 2147483647;
			files = (
				032018031BEF34660099CDD1 /* LaunchScreen.storyboard in Resources */,
				032018001BEF34660099CDD1 /* Assets.xcassets in Resources */,
				032017FE1BEF34660099CDD1 /* Main.storyboard in Resources */,
			);
			runOnlyForDeploymentPostprocessing = 0;
		};
		032018071BEF34660099CDD1 /* Resources */ = {
			isa = PBXResourcesBuildPhase;
			buildActionMask = 2147483647;
			files = (
			);
			runOnlyForDeploymentPostprocessing = 0;
		};
		032018121BEF34660099CDD1 /* Resources */ = {
			isa = PBXResourcesBuildPhase;
			buildActionMask = 2147483647;
			files = (
			);
			runOnlyForDeploymentPostprocessing = 0;
		};
		032018281BEF34C10099CDD1 /* Resources */ = {
			isa = PBXResourcesBuildPhase;
			buildActionMask = 2147483647;
			files = (
				032018381BEF45100099CDD1 /* KeyboardView.xib in Resources */,
			);
			runOnlyForDeploymentPostprocessing = 0;
		};
/* End PBXResourcesBuildPhase section */

/* Begin PBXSourcesBuildPhase section */
		032017EC1BEF34660099CDD1 /* Sources */ = {
			isa = PBXSourcesBuildPhase;
			buildActionMask = 2147483647;
			files = (
				032017FB1BEF34660099CDD1 /* ViewController.m in Sources */,
				032017F81BEF34660099CDD1 /* AppDelegate.m in Sources */,
				032017F51BEF34660099CDD1 /* main.m in Sources */,
			);
			runOnlyForDeploymentPostprocessing = 0;
		};
		032018051BEF34660099CDD1 /* Sources */ = {
			isa = PBXSourcesBuildPhase;
			buildActionMask = 2147483647;
			files = (
				0320180E1BEF34660099CDD1 /* CustomKeyboardTests.m in Sources */,
			);
			runOnlyForDeploymentPostprocessing = 0;
		};
		032018101BEF34660099CDD1 /* Sources */ = {
			isa = PBXSourcesBuildPhase;
			buildActionMask = 2147483647;
			files = (
				032018191BEF34660099CDD1 /* CustomKeyboardUITests.m in Sources */,
			);
			runOnlyForDeploymentPostprocessing = 0;
		};
		032018261BEF34C10099CDD1 /* Sources */ = {
			isa = PBXSourcesBuildPhase;
			buildActionMask = 2147483647;
			files = (
				0320182E1BEF34C30099CDD1 /* KeyboardViewController.m in Sources */,
			);
			runOnlyForDeploymentPostprocessing = 0;
		};
/* End PBXSourcesBuildPhase section */

/* Begin PBXTargetDependency section */
		0320180B1BEF34660099CDD1 /* PBXTargetDependency */ = {
			isa = PBXTargetDependency;
			target = 032017EF1BEF34660099CDD1 /* CustomKeyboard */;
			targetProxy = 0320180A1BEF34660099CDD1 /* PBXContainerItemProxy */;
		};
		032018161BEF34660099CDD1 /* PBXTargetDependency */ = {
			isa = PBXTargetDependency;
			target = 032017EF1BEF34660099CDD1 /* CustomKeyboard */;
			targetProxy = 032018151BEF34660099CDD1 /* PBXContainerItemProxy */;
		};
		032018311BEF34C50099CDD1 /* PBXTargetDependency */ = {
			isa = PBXTargetDependency;
			target = 032018291BEF34C10099CDD1 /* ColoredKeyBoard */;
			targetProxy = 032018301BEF34C50099CDD1 /* PBXContainerItemProxy */;
		};
/* End PBXTargetDependency section */

/* Begin PBXVariantGroup section */
		032017FC1BEF34660099CDD1 /* Main.storyboard */ = {
			isa = PBXVariantGroup;
			children = (
				032017FD1BEF34660099CDD1 /* Base */,
			);
			name = Main.storyboard;
			sourceTree = "<group>";
		};
		032018011BEF34660099CDD1 /* LaunchScreen.storyboard */ = {
			isa = PBXVariantGroup;
			children = (
				032018021BEF34660099CDD1 /* Base */,
			);
			name = LaunchScreen.storyboard;
			sourceTree = "<group>";
		};
/* End PBXVariantGroup section */

/* Begin XCBuildConfiguration section */
		0320181B1BEF34660099CDD1 /* Debug */ = {
			isa = XCBuildConfiguration;
			buildSettings = {
				ALWAYS_SEARCH_USER_PATHS = NO;
				CLANG_CXX_LANGUAGE_STANDARD = "gnu++0x";
				CLANG_CXX_LIBRARY = "libc++";
				CLANG_ENABLE_MODULES = YES;
				CLANG_ENABLE_OBJC_ARC = YES;
				CLANG_WARN_BOOL_CONVERSION = YES;
				CLANG_WARN_CONSTANT_CONVERSION = YES;
				CLANG_WARN_DIRECT_OBJC_ISA_USAGE = YES_ERROR;
				CLANG_WARN_EMPTY_BODY = YES;
				CLANG_WARN_ENUM_CONVERSION = YES;
				CLANG_WARN_INT_CONVERSION = YES;
				CLANG_WARN_OBJC_ROOT_CLASS = YES_ERROR;
				CLANG_WARN_UNREACHABLE_CODE = YES;
				CLANG_WARN__DUPLICATE_METHOD_MATCH = YES;
				"CODE_SIGN_IDENTITY[sdk=iphoneos*]" = "iPhone Developer";
				COPY_PHASE_STRIP = NO;
				DEBUG_INFORMATION_FORMAT = dwarf;
				ENABLE_STRICT_OBJC_MSGSEND = YES;
				ENABLE_TESTABILITY = YES;
				GCC_C_LANGUAGE_STANDARD = gnu99;
				GCC_DYNAMIC_NO_PIC = NO;
				GCC_NO_COMMON_BLOCKS = YES;
				GCC_OPTIMIZATION_LEVEL = 0;
				GCC_PREPROCESSOR_DEFINITIONS = (
					"DEBUG=1",
					"$(inherited)",
				);
				GCC_WARN_64_TO_32_BIT_CONVERSION = YES;
				GCC_WARN_ABOUT_RETURN_TYPE = YES_ERROR;
				GCC_WARN_UNDECLARED_SELECTOR = YES;
				GCC_WARN_UNINITIALIZED_AUTOS = YES_AGGRESSIVE;
				GCC_WARN_UNUSED_FUNCTION = YES;
				GCC_WARN_UNUSED_VARIABLE = YES;
				IPHONEOS_DEPLOYMENT_TARGET = 9.0;
				MTL_ENABLE_DEBUG_INFO = YES;
				ONLY_ACTIVE_ARCH = YES;
				SDKROOT = iphoneos;
			};
			name = Debug;
		};
		0320181C1BEF34660099CDD1 /* Release */ = {
			isa = XCBuildConfiguration;
			buildSettings = {
				ALWAYS_SEARCH_USER_PATHS = NO;
				CLANG_CXX_LANGUAGE_STANDARD = "gnu++0x";
				CLANG_CXX_LIBRARY = "libc++";
				CLANG_ENABLE_MODULES = YES;
				CLANG_ENABLE_OBJC_ARC = YES;
				CLANG_WARN_BOOL_CONVERSION = YES;
				CLANG_WARN_CONSTANT_CONVERSION = YES;
				CLANG_WARN_DIRECT_OBJC_ISA_USAGE = YES_ERROR;
				CLANG_WARN_EMPTY_BODY = YES;
				CLANG_WARN_ENUM_CONVERSION = YES;
				CLANG_WARN_INT_CONVERSION = YES;
				CLANG_WARN_OBJC_ROOT_CLASS = YES_ERROR;
				CLANG_WARN_UNREACHABLE_CODE = YES;
				CLANG_WARN__DUPLICATE_METHOD_MATCH = YES;
				"CODE_SIGN_IDENTITY[sdk=iphoneos*]" = "iPhone Developer";
				COPY_PHASE_STRIP = NO;
				DEBUG_INFORMATION_FORMAT = "dwarf-with-dsym";
				ENABLE_NS_ASSERTIONS = NO;
				ENABLE_STRICT_OBJC_MSGSEND = YES;
				GCC_C_LANGUAGE_STANDARD = gnu99;
				GCC_NO_COMMON_BLOCKS = YES;
				GCC_WARN_64_TO_32_BIT_CONVERSION = YES;
				GCC_WARN_ABOUT_RETURN_TYPE = YES_ERROR;
				GCC_WARN_UNDECLARED_SELECTOR = YES;
				GCC_WARN_UNINITIALIZED_AUTOS = YES_AGGRESSIVE;
				GCC_WARN_UNUSED_FUNCTION = YES;
				GCC_WARN_UNUSED_VARIABLE = YES;
				IPHONEOS_DEPLOYMENT_TARGET = 9.0;
				MTL_ENABLE_DEBUG_INFO = NO;
				SDKROOT = iphoneos;
				VALIDATE_PRODUCT = YES;
			};
			name = Release;
		};
		0320181E1BEF34660099CDD1 /* Debug */ = {
			isa = XCBuildConfiguration;
			buildSettings = {
				ASSETCATALOG_COMPILER_APPICON_NAME = AppIcon;
				INFOPLIST_FILE = CustomKeyboard/Info.plist;
				LD_RUNPATH_SEARCH_PATHS = "$(inherited) @executable_path/Frameworks";
				PRODUCT_BUNDLE_IDENTIFIER = com.imaniac.CustomKeyboard;
				PRODUCT_NAME = "$(TARGET_NAME)";
			};
			name = Debug;
		};
		0320181F1BEF34660099CDD1 /* Release */ = {
			isa = XCBuildConfiguration;
			buildSettings = {
				ASSETCATALOG_COMPILER_APPICON_NAME = AppIcon;
				INFOPLIST_FILE = CustomKeyboard/Info.plist;
				LD_RUNPATH_SEARCH_PATHS = "$(inherited) @executable_path/Frameworks";
				PRODUCT_BUNDLE_IDENTIFIER = com.imaniac.CustomKeyboard;
				PRODUCT_NAME = "$(TARGET_NAME)";
			};
			name = Release;
		};
		032018211BEF34660099CDD1 /* Debug */ = {
			isa = XCBuildConfiguration;
			buildSettings = {
				BUNDLE_LOADER = "$(TEST_HOST)";
				INFOPLIST_FILE = CustomKeyboardTests/Info.plist;
				LD_RUNPATH_SEARCH_PATHS = "$(inherited) @executable_path/Frameworks @loader_path/Frameworks";
				PRODUCT_BUNDLE_IDENTIFIER = imaniac.CustomKeyboardTests;
				PRODUCT_NAME = "$(TARGET_NAME)";
				TEST_HOST = "$(BUILT_PRODUCTS_DIR)/CustomKeyboard.app/CustomKeyboard";
			};
			name = Debug;
		};
		032018221BEF34660099CDD1 /* Release */ = {
			isa = XCBuildConfiguration;
			buildSettings = {
				BUNDLE_LOADER = "$(TEST_HOST)";
				INFOPLIST_FILE = CustomKeyboardTests/Info.plist;
				LD_RUNPATH_SEARCH_PATHS = "$(inherited) @executable_path/Frameworks @loader_path/Frameworks";
				PRODUCT_BUNDLE_IDENTIFIER = imaniac.CustomKeyboardTests;
				PRODUCT_NAME = "$(TARGET_NAME)";
				TEST_HOST = "$(BUILT_PRODUCTS_DIR)/CustomKeyboard.app/CustomKeyboard";
			};
			name = Release;
		};
		032018241BEF34660099CDD1 /* Debug */ = {
			isa = XCBuildConfiguration;
			buildSettings = {
				INFOPLIST_FILE = CustomKeyboardUITests/Info.plist;
				LD_RUNPATH_SEARCH_PATHS = "$(inherited) @executable_path/Frameworks @loader_path/Frameworks";
				PRODUCT_BUNDLE_IDENTIFIER = imaniac..CustomKeyboardUITests;
				PRODUCT_NAME = "$(TARGET_NAME)";
				TEST_TARGET_NAME = CustomKeyboard;
				USES_XCTRUNNER = YES;
			};
			name = Debug;
		};
		032018251BEF34660099CDD1 /* Release */ = {
			isa = XCBuildConfiguration;
			buildSettings = {
				INFOPLIST_FILE = CustomKeyboardUITests/Info.plist;
				LD_RUNPATH_SEARCH_PATHS = "$(inherited) @executable_path/Frameworks @loader_path/Frameworks";
				PRODUCT_BUNDLE_IDENTIFIER = imaniac..CustomKeyboardUITests;
				PRODUCT_NAME = "$(TARGET_NAME)";
				TEST_TARGET_NAME = CustomKeyboard;
				USES_XCTRUNNER = YES;
			};
			name = Release;
		};
		032018341BEF34C50099CDD1 /* Debug */ = {
			isa = XCBuildConfiguration;
			buildSettings = {
				INFOPLIST_FILE = ColoredKeyBoard/Info.plist;
				LD_RUNPATH_SEARCH_PATHS = "$(inherited) @executable_path/Frameworks @executable_path/../../Frameworks";
				PRODUCT_BUNDLE_IDENTIFIER = com.imaniac.CustomKeyboard.ColoredKeyBoard;
				PRODUCT_NAME = "$(TARGET_NAME)";
				SKIP_INSTALL = YES;
			};
			name = Debug;
		};
		032018351BEF34C50099CDD1 /* Release */ = {
			isa = XCBuildConfiguration;
			buildSettings = {
				INFOPLIST_FILE = ColoredKeyBoard/Info.plist;
				LD_RUNPATH_SEARCH_PATHS = "$(inherited) @executable_path/Frameworks @executable_path/../../Frameworks";
				PRODUCT_BUNDLE_IDENTIFIER = com.imaniac.CustomKeyboard.ColoredKeyBoard;
				PRODUCT_NAME = "$(TARGET_NAME)";
				SKIP_INSTALL = YES;
			};
			name = Release;
		};
/* End XCBuildConfiguration section */

/* Begin XCConfigurationList section */
		032017EB1BEF34660099CDD1 /* Build configuration list for PBXProject "CustomKeyboard" */ = {
			isa = XCConfigurationList;
			buildConfigurations = (
				0320181B1BEF34660099CDD1 /* Debug */,
				0320181C1BEF34660099CDD1 /* Release */,
			);
			defaultConfigurationIsVisible = 0;
			defaultConfigurationName = Release;
		};
		0320181D1BEF34660099CDD1 /* Build configuration list for PBXNativeTarget "CustomKeyboard" */ = {
			isa = XCConfigurationList;
			buildConfigurations = (
				0320181E1BEF34660099CDD1 /* Debug */,
				0320181F1BEF34660099CDD1 /* Release */,
			);
			defaultConfigurationIsVisible = 0;
			defaultConfigurationName = Release;
		};
		032018201BEF34660099CDD1 /* Build configuration list for PBXNativeTarget "CustomKeyboardTests" */ = {
			isa = XCConfigurationList;
			buildConfigurations = (
				032018211BEF34660099CDD1 /* Debug */,
				032018221BEF34660099CDD1 /* Release */,
			);
			defaultConfigurationIsVisible = 0;
			defaultConfigurationName = Release;
		};
		032018231BEF34660099CDD1 /* Build configuration list for PBXNativeTarget "CustomKeyboardUITests" */ = {
			isa = XCConfigurationList;
			buildConfigurations = (
				032018241BEF34660099CDD1 /* Debug */,
				032018251BEF34660099CDD1 /* Release */,
			);
			defaultConfigurationIsVisible = 0;
			defaultConfigurationName = Release;
		};
		032018331BEF34C50099CDD1 /* Build configuration list for PBXNativeTarget "ColoredKeyBoard" */ = {
			isa = XCConfigurationList;
			buildConfigurations = (
				032018341BEF34C50099CDD1 /* Debug */,
				032018351BEF34C50099CDD1 /* Release */,
			);
			defaultConfigurationIsVisible = 0;
			defaultConfigurationName = Release;
		};
/* End XCConfigurationList section */
	};
	rootObject = 032017E81BEF34660099CDD1 /* Project object */;
}
